
Microsoft Visual Studio Solution File, Format Version 12.00
# Visual Studio Version 16
VisualStudioVersion = 16.0.29911.84
MinimumVisualStudioVersion = 10.0.40219.1
Project("{9A19103F-16F7-4668-BE54-9A1E7A4F7556}") = "JWTWebSite", "JWTWebSite.csproj", "{3D49499C-3896-4394-B550-8110CB4FCFCB}"
EndProject
Project("{9A19103F-16F7-4668-BE54-9A1E7A4F7556}") = "JWTVerifySite", "..\JWTVerifyWebsite\JWTVerifySite.csproj", "{35875F0C-84AB-4E42-9477-B7018A763F61}"
EndProject
Global
	GlobalSection(SolutionConfigurationPlatforms) = preSolution
		Debug|Any CPU = Debug|Any CPU
		Release|Any CPU = Release|Any CPU
	EndGlobalSection
	GlobalSection(ProjectConfigurationPlatforms) = postSolution
		{3D49499C-3896-4394-B550-8110CB4FCFCB}.Debug|Any CPU.ActiveCfg = Debug|Any CPU
		{3D49499C-3896-4394-B550-8110CB4FCFCB}.Debug|Any CPU.Build.0 = Debug|Any CPU
		{3D49499C-3896-4394-B550-8110CB4FCFCB}.Release|Any CPU.ActiveCfg = Release|Any CPU
		{3D49499C-3896-4394-B550-8110CB4FCFCB}.Release|Any CPU.Build.0 = Release|Any CPU
		{35875F0C-84AB-4E42-9477-B7018A763F61}.Debug|Any CPU.ActiveCfg = Debug|Any CPU
		{35875F0C-84AB-4E42-9477-B7018A763F61}.Debug|Any CPU.Build.0 = Debug|Any CPU
		{35875F0C-84AB-4E42-9477-B7018A763F61}.Release|Any CPU.ActiveCfg = Release|Any CPU
		{35875F0C-84AB-4E42-9477-B7018A763F61}.Release|Any CPU.Build.0 = Release|Any CPU
	EndGlobalSection
	GlobalSection(SolutionProperties) = preSolution
		HideSolutionNode = FALSE
	EndGlobalSection
	GlobalSection(ExtensibilityGlobals) = postSolution
		SolutionGuid = {3B5E362E-A156-48EC-92D9-1F146A15DE3B}
	EndGlobalSection
EndGlobal
