
Microsoft Visual Studio Solution File, Format Version 12.00
# Visual Studio Version 16
VisualStudioVersion = 16.0.29911.84
MinimumVisualStudioVersion = 10.0.40219.1
Project("{FAE04EC0-301F-11D3-BF4B-00C04F79EFBC}") = "JWTWebSite", "JWTWebSite.csproj", "{3D49499C-3896-4394-B550-8110CB4FCFCB}"
EndProject
Global
	GlobalSection(SolutionConfigurationPlatforms) = preSolution
		Debug|Any CPU = Debug|Any CPU
		Release|Any CPU = Release|Any CPU
	EndGlobalSection
	GlobalSection(ProjectConfigurationPlatforms) = postSolution
		{3D49499C-3896-4394-B550-8110CB4FCFCB}.Debug|Any CPU.ActiveCfg = Debug|Any CPU
		{3D49499C-3896-4394-B550-8110CB4FCFCB}.Debug|Any CPU.Build.0 = Debug|Any CPU
		{3D49499C-3896-4394-B550-8110CB4FCFCB}.Release|Any CPU.ActiveCfg = Release|Any CPU
		{3D49499C-3896-4394-B550-8110CB4FCFCB}.Release|Any CPU.Build.0 = Release|Any CPU
	EndGlobalSection
	GlobalSection(SolutionProperties) = preSolution
		HideSolutionNode = FALSE
	EndGlobalSection
	GlobalSection(ExtensibilityGlobals) = postSolution
		SolutionGuid = {3B5E362E-A156-48EC-92D9-1F146A15DE3B}
	EndGlobalSection
EndGlobal
